// !$*UTF8*$!
{
	archiveVersion = 1;
	classes = {
	};
	objectVersion = 50;
	objects = {

/* Begin PBXBuildFile section */
		052F834525AA493D008C2834 /* AppDelegate.swift in Sources */ = {isa = PBXBuildFile; fileRef = 052F834425AA493D008C2834 /* AppDelegate.swift */; };
		052F834725AA493D008C2834 /* SceneDelegate.swift in Sources */ = {isa = PBXBuildFile; fileRef = 052F834625AA493D008C2834 /* SceneDelegate.swift */; };
		052F834925AA493D008C2834 /* ViewController.swift in Sources */ = {isa = PBXBuildFile; fileRef = 052F834825AA493D008C2834 /* ViewController.swift */; };
		052F834C25AA493D008C2834 /* Main.storyboard in Resources */ = {isa = PBXBuildFile; fileRef = 052F834A25AA493D008C2834 /* Main.storyboard */; };
		052F834E25AA4941008C2834 /* Assets.xcassets in Resources */ = {isa = PBXBuildFile; fileRef = 052F834D25AA4941008C2834 /* Assets.xcassets */; };
		052F835125AA4941008C2834 /* LaunchScreen.storyboard in Resources */ = {isa = PBXBuildFile; fileRef = 052F834F25AA4941008C2834 /* LaunchScreen.storyboard */; };
		052F835A25AA6646008C2834 /* TrackViewController.swift in Sources */ = {isa = PBXBuildFile; fileRef = 052F835925AA6646008C2834 /* TrackViewController.swift */; };
		052F835D25AA66EC008C2834 /* SliderViewController.swift in Sources */ = {isa = PBXBuildFile; fileRef = 052F835C25AA66EC008C2834 /* SliderViewController.swift */; };
		052F836025AA6810008C2834 /* ActionViewController.swift in Sources */ = {isa = PBXBuildFile; fileRef = 052F835F25AA6810008C2834 /* ActionViewController.swift */; };
/* End PBXBuildFile section */

/* Begin PBXFileReference section */
		052F834125AA493D008C2834 /* ShowCase.app */ = {isa = PBXFileReference; explicitFileType = wrapper.application; includeInIndex = 0; path = ShowCase.app; sourceTree = BUILT_PRODUCTS_DIR; };
		052F834425AA493D008C2834 /* AppDelegate.swift */ = {isa = PBXFileReference; lastKnownFileType = sourcecode.swift; path = AppDelegate.swift; sourceTree = "<group>"; };
		052F834625AA493D008C2834 /* SceneDelegate.swift */ = {isa = PBXFileReference; lastKnownFileType = sourcecode.swift; path = SceneDelegate.swift; sourceTree = "<group>"; };
		052F834825AA493D008C2834 /* ViewController.swift */ = {isa = PBXFileReference; lastKnownFileType = sourcecode.swift; path = ViewController.swift; sourceTree = "<group>"; };
		052F834B25AA493D008C2834 /* Base */ = {isa = PBXFileReference; lastKnownFileType = file.storyboard; name = Base; path = Base.lproj/Main.storyboard; sourceTree = "<group>"; };
		052F834D25AA4941008C2834 /* Assets.xcassets */ = {isa = PBXFileReference; lastKnownFileType = folder.assetcatalog; path = Assets.xcassets; sourceTree = "<group>"; };
		052F835025AA4941008C2834 /* Base */ = {isa = PBXFileReference; lastKnownFileType = file.storyboard; name = Base; path = Base.lproj/LaunchScreen.storyboard; sourceTree = "<group>"; };
		052F835225AA4941008C2834 /* Info.plist */ = {isa = PBXFileReference; lastKnownFileType = text.plist.xml; path = Info.plist; sourceTree = "<group>"; };
		052F835925AA6646008C2834 /* TrackViewController.swift */ = {isa = PBXFileReference; lastKnownFileType = sourcecode.swift; path = TrackViewController.swift; sourceTree = "<group>"; };
		052F835C25AA66EC008C2834 /* SliderViewController.swift */ = {isa = PBXFileReference; lastKnownFileType = sourcecode.swift; path = SliderViewController.swift; sourceTree = "<group>"; };
		052F835F25AA6810008C2834 /* ActionViewController.swift */ = {isa = PBXFileReference; lastKnownFileType = sourcecode.swift; path = ActionViewController.swift; sourceTree = "<group>"; };
/* End PBXFileReference section */

/* Begin PBXFrameworksBuildPhase section */
		052F833E25AA493D008C2834 /* Frameworks */ = {
			isa = PBXFrameworksBuildPhase;
			buildActionMask = 2147483647;
			files = (
			);
			runOnlyForDeploymentPostprocessing = 0;
		};
/* End PBXFrameworksBuildPhase section */

/* Begin PBXGroup section */
		052F833825AA493D008C2834 = {
			isa = PBXGroup;
			children = (
				052F834325AA493D008C2834 /* ShowCase */,
				052F834225AA493D008C2834 /* Products */,
			);
			sourceTree = "<group>";
		};
		052F834225AA493D008C2834 /* Products */ = {
			isa = PBXGroup;
			children = (
				052F834125AA493D008C2834 /* ShowCase.app */,
			);
			name = Products;
			sourceTree = "<group>";
		};
		052F834325AA493D008C2834 /* ShowCase */ = {
			isa = PBXGroup;
			children = (
				052F834425AA493D008C2834 /* AppDelegate.swift */,
				052F834625AA493D008C2834 /* SceneDelegate.swift */,
				052F834825AA493D008C2834 /* ViewController.swift */,
				052F834A25AA493D008C2834 /* Main.storyboard */,
				052F835F25AA6810008C2834 /* ActionViewController.swift */,
				052F835C25AA66EC008C2834 /* SliderViewController.swift */,
				052F835925AA6646008C2834 /* TrackViewController.swift */,
				052F834D25AA4941008C2834 /* Assets.xcassets */,
				052F834F25AA4941008C2834 /* LaunchScreen.storyboard */,
				052F835225AA4941008C2834 /* Info.plist */,
			);
			path = ShowCase;
			sourceTree = "<group>";
		};
/* End PBXGroup section */

/* Begin PBXNativeTarget section */
		052F834025AA493D008C2834 /* ShowCase */ = {
			isa = PBXNativeTarget;
			buildConfigurationList = 052F835525AA4941008C2834 /* Build configuration list for PBXNativeTarget "ShowCase" */;
			buildPhases = (
				052F833D25AA493D008C2834 /* Sources */,
				052F833E25AA493D008C2834 /* Frameworks */,
				052F833F25AA493D008C2834 /* Resources */,
			);
			buildRules = (
			);
			dependencies = (
			);
			name = ShowCase;
			productName = ShowCase;
			productReference = 052F834125AA493D008C2834 /* ShowCase.app */;
			productType = "com.apple.product-type.application";
		};
/* End PBXNativeTarget section */

/* Begin PBXProject section */
		052F833925AA493D008C2834 /* Project object */ = {
			isa = PBXProject;
			attributes = {
				LastSwiftUpdateCheck = 1230;
				LastUpgradeCheck = 1230;
				TargetAttributes = {
					052F834025AA493D008C2834 = {
						CreatedOnToolsVersion = 12.3;
					};
				};
			};
			buildConfigurationList = 052F833C25AA493D008C2834 /* Build configuration list for PBXProject "ShowCase" */;
			compatibilityVersion = "Xcode 9.3";
			developmentRegion = en;
			hasScannedForEncodings = 0;
			knownRegions = (
				en,
				Base,
			);
			mainGroup = 052F833825AA493D008C2834;
			productRefGroup = 052F834225AA493D008C2834 /* Products */;
			projectDirPath = "";
			projectRoot = "";
			targets = (
				052F834025AA493D008C2834 /* ShowCase */,
			);
		};
/* End PBXProject section */

/* Begin PBXResourcesBuildPhase section */
		052F833F25AA493D008C2834 /* Resources */ = {
			isa = PBXResourcesBuildPhase;
			buildActionMask = 2147483647;
			files = (
				052F835125AA4941008C2834 /* LaunchScreen.storyboard in Resources */,
				052F834E25AA4941008C2834 /* Assets.xcassets in Resources */,
				052F834C25AA493D008C2834 /* Main.storyboard in Resources */,
			);
			runOnlyForDeploymentPostprocessing = 0;
		};
/* End PBXResourcesBuildPhase section */

/* Begin PBXSourcesBuildPhase section */
		052F833D25AA493D008C2834 /* Sources */ = {
			isa = PBXSourcesBuildPhase;
			buildActionMask = 2147483647;
			files = (
				052F835A25AA6646008C2834 /* TrackViewController.swift in Sources */,
				052F835D25AA66EC008C2834 /* SliderViewController.swift in Sources */,
				052F836025AA6810008C2834 /* ActionViewController.swift in Sources */,
				052F834925AA493D008C2834 /* ViewController.swift in Sources */,
				052F834525AA493D008C2834 /* AppDelegate.swift in Sources */,
				052F834725AA493D008C2834 /* SceneDelegate.swift in Sources */,
			);
			runOnlyForDeploymentPostprocessing = 0;
		};
/* End PBXSourcesBuildPhase section */

/* Begin PBXVariantGroup section */
		052F834A25AA493D008C2834 /* Main.storyboard */ = {
			isa = PBXVariantGroup;
			children = (
				052F834B25AA493D008C2834 /* Base */,
			);
			name = Main.storyboard;
			sourceTree = "<group>";
		};
		052F834F25AA4941008C2834 /* LaunchScreen.storyboard */ = {
			isa = PBXVariantGroup;
			children = (
				052F835025AA4941008C2834 /* Base */,
			);
			name = LaunchScreen.storyboard;
			sourceTree = "<group>";
		};
/* End PBXVariantGroup section */

/* Begin XCBuildConfiguration section */
		052F835325AA4941008C2834 /* Debug */ = {
			isa = XCBuildConfiguration;
			buildSettings = {
				ALWAYS_SEARCH_USER_PATHS = NO;
				CLANG_ANALYZER_NONNULL = YES;
				CLANG_ANALYZER_NUMBER_OBJECT_CONVERSION = YES_AGGRESSIVE;
				CLANG_CXX_LANGUAGE_STANDARD = "gnu++14";
				CLANG_CXX_LIBRARY = "libc++";
				CLANG_ENABLE_MODULES = YES;
				CLANG_ENABLE_OBJC_ARC = YES;
				CLANG_ENABLE_OBJC_WEAK = YES;
				CLANG_WARN_BLOCK_CAPTURE_AUTORELEASING = YES;
				CLANG_WARN_BOOL_CONVERSION = YES;
				CLANG_WARN_COMMA = YES;
				CLANG_WARN_CONSTANT_CONVERSION = YES;
				CLANG_WARN_DEPRECATED_OBJC_IMPLEMENTATIONS = YES;
				CLANG_WARN_DIRECT_OBJC_ISA_USAGE = YES_ERROR;
				CLANG_WARN_DOCUMENTATION_COMMENTS = YES;
				CLANG_WARN_EMPTY_BODY = YES;
				CLANG_WARN_ENUM_CONVERSION = YES;
				CLANG_WARN_INFINITE_RECURSION = YES;
				CLANG_WARN_INT_CONVERSION = YES;
				CLANG_WARN_NON_LITERAL_NULL_CONVERSION = YES;
				CLANG_WARN_OBJC_IMPLICIT_RETAIN_SELF = YES;
				CLANG_WARN_OBJC_LITERAL_CONVERSION = YES;
				CLANG_WARN_OBJC_ROOT_CLASS = YES_ERROR;
				CLANG_WARN_QUOTED_INCLUDE_IN_FRAMEWORK_HEADER = YES;
				CLANG_WARN_RANGE_LOOP_ANALYSIS = YES;
				CLANG_WARN_STRICT_PROTOTYPES = YES;
				CLANG_WARN_SUSPICIOUS_MOVE = YES;
				CLANG_WARN_UNGUARDED_AVAILABILITY = YES_AGGRESSIVE;
				CLANG_WARN_UNREACHABLE_CODE = YES;
				CLANG_WARN__DUPLICATE_METHOD_MATCH = YES;
				COPY_PHASE_STRIP = NO;
				DEBUG_INFORMATION_FORMAT = dwarf;
				ENABLE_STRICT_OBJC_MSGSEND = YES;
				ENABLE_TESTABILITY = YES;
				GCC_C_LANGUAGE_STANDARD = gnu11;
				GCC_DYNAMIC_NO_PIC = NO;
				GCC_NO_COMMON_BLOCKS = YES;
				GCC_OPTIMIZATION_LEVEL = 0;
				GCC_PREPROCESSOR_DEFINITIONS = (
					"DEBUG=1",
					"$(inherited)",
				);
				GCC_WARN_64_TO_32_BIT_CONVERSION = YES;
				GCC_WARN_ABOUT_RETURN_TYPE = YES_ERROR;
				GCC_WARN_UNDECLARED_SELECTOR = YES;
				GCC_WARN_UNINITIALIZED_AUTOS = YES_AGGRESSIVE;
				GCC_WARN_UNUSED_FUNCTION = YES;
				GCC_WARN_UNUSED_VARIABLE = YES;
				IPHONEOS_DEPLOYMENT_TARGET = 14.3;
				MTL_ENABLE_DEBUG_INFO = INCLUDE_SOURCE;
				MTL_FAST_MATH = YES;
				ONLY_ACTIVE_ARCH = YES;
				SDKROOT = iphoneos;
				SWIFT_ACTIVE_COMPILATION_CONDITIONS = DEBUG;
				SWIFT_OPTIMIZATION_LEVEL = "-Onone";
			};
			name = Debug;
		};
		052F835425AA4941008C2834 /* Release */ = {
			isa = XCBuildConfiguration;
			buildSettings = {
				ALWAYS_SEARCH_USER_PATHS = NO;
				CLANG_ANALYZER_NONNULL = YES;
				CLANG_ANALYZER_NUMBER_OBJECT_CONVERSION = YES_AGGRESSIVE;
				CLANG_CXX_LANGUAGE_STANDARD = "gnu++14";
				CLANG_CXX_LIBRARY = "libc++";
				CLANG_ENABLE_MODULES = YES;
				CLANG_ENABLE_OBJC_ARC = YES;
				CLANG_ENABLE_OBJC_WEAK = YES;
				CLANG_WARN_BLOCK_CAPTURE_AUTORELEASING = YES;
				CLANG_WARN_BOOL_CONVERSION = YES;
				CLANG_WARN_COMMA = YES;
				CLANG_WARN_CONSTANT_CONVERSION = YES;
				CLANG_WARN_DEPRECATED_OBJC_IMPLEMENTATIONS = YES;
				CLANG_WARN_DIRECT_OBJC_ISA_USAGE = YES_ERROR;
				CLANG_WARN_DOCUMENTATION_COMMENTS = YES;
				CLANG_WARN_EMPTY_BODY = YES;
				CLANG_WARN_ENUM_CONVERSION = YES;
				CLANG_WARN_INFINITE_RECURSION = YES;
				CLANG_WARN_INT_CONVERSION = YES;
				CLANG_WARN_NON_LITERAL_NULL_CONVERSION = YES;
				CLANG_WARN_OBJC_IMPLICIT_RETAIN_SELF = YES;
				CLANG_WARN_OBJC_LITERAL_CONVERSION = YES;
				CLANG_WARN_OBJC_ROOT_CLASS = YES_ERROR;
				CLANG_WARN_QUOTED_INCLUDE_IN_FRAMEWORK_HEADER = YES;
				CLANG_WARN_RANGE_LOOP_ANALYSIS = YES;
				CLANG_WARN_STRICT_PROTOTYPES = YES;
				CLANG_WARN_SUSPICIOUS_MOVE = YES;
				CLANG_WARN_UNGUARDED_AVAILABILITY = YES_AGGRESSIVE;
				CLANG_WARN_UNREACHABLE_CODE = YES;
				CLANG_WARN__DUPLICATE_METHOD_MATCH = YES;
				COPY_PHASE_STRIP = NO;
				DEBUG_INFORMATION_FORMAT = "dwarf-with-dsym";
				ENABLE_NS_ASSERTIONS = NO;
				ENABLE_STRICT_OBJC_MSGSEND = YES;
				GCC_C_LANGUAGE_STANDARD = gnu11;
				GCC_NO_COMMON_BLOCKS = YES;
				GCC_WARN_64_TO_32_BIT_CONVERSION = YES;
				GCC_WARN_ABOUT_RETURN_TYPE = YES_ERROR;
				GCC_WARN_UNDECLARED_SELECTOR = YES;
				GCC_WARN_UNINITIALIZED_AUTOS = YES_AGGRESSIVE;
				GCC_WARN_UNUSED_FUNCTION = YES;
				GCC_WARN_UNUSED_VARIABLE = YES;
				IPHONEOS_DEPLOYMENT_TARGET = 14.3;
				MTL_ENABLE_DEBUG_INFO = NO;
				MTL_FAST_MATH = YES;
				SDKROOT = iphoneos;
				SWIFT_COMPILATION_MODE = wholemodule;
				SWIFT_OPTIMIZATION_LEVEL = "-O";
				VALIDATE_PRODUCT = YES;
			};
			name = Release;
		};
		052F835625AA4941008C2834 /* Debug */ = {
			isa = XCBuildConfiguration;
			buildSettings = {
				ASSETCATALOG_COMPILER_APPICON_NAME = AppIcon;
				ASSETCATALOG_COMPILER_GLOBAL_ACCENT_COLOR_NAME = AccentColor;
				CODE_SIGN_STYLE = Automatic;
				DEVELOPMENT_TEAM = YFZRHBBC6Y;
				INFOPLIST_FILE = ShowCase/Info.plist;
				LD_RUNPATH_SEARCH_PATHS = (
					"$(inherited)",
					"@executable_path/Frameworks",
				);
				PRODUCT_BUNDLE_IDENTIFIER = hse.nadialaban.ShowCase;
				PRODUCT_NAME = "$(TARGET_NAME)";
				SWIFT_VERSION = 5.0;
				TARGETED_DEVICE_FAMILY = "1,2";
			};
			name = Debug;
		};
		052F835725AA4941008C2834 /* Release */ = {
			isa = XCBuildConfiguration;
			buildSettings = {
				ASSETCATALOG_COMPILER_APPICON_NAME = AppIcon;
				ASSETCATALOG_COMPILER_GLOBAL_ACCENT_COLOR_NAME = AccentColor;
				CODE_SIGN_STYLE = Automatic;
				DEVELOPMENT_TEAM = YFZRHBBC6Y;
				INFOPLIST_FILE = ShowCase/Info.plist;
				LD_RUNPATH_SEARCH_PATHS = (
					"$(inherited)",
					"@executable_path/Frameworks",
				);
				PRODUCT_BUNDLE_IDENTIFIER = hse.nadialaban.ShowCase;
				PRODUCT_NAME = "$(TARGET_NAME)";
				SWIFT_VERSION = 5.0;
				TARGETED_DEVICE_FAMILY = "1,2";
			};
			name = Release;
		};
/* End XCBuildConfiguration section */

/* Begin XCConfigurationList section */
		052F833C25AA493D008C2834 /* Build configuration list for PBXProject "ShowCase" */ = {
			isa = XCConfigurationList;
			buildConfigurations = (
				052F835325AA4941008C2834 /* Debug */,
				052F835425AA4941008C2834 /* Release */,
			);
			defaultConfigurationIsVisible = 0;
			defaultConfigurationName = Release;
		};
		052F835525AA4941008C2834 /* Build configuration list for PBXNativeTarget "ShowCase" */ = {
			isa = XCConfigurationList;
			buildConfigurations = (
				052F835625AA4941008C2834 /* Debug */,
				052F835725AA4941008C2834 /* Release */,
			);
			defaultConfigurationIsVisible = 0;
			defaultConfigurationName = Release;
		};
/* End XCConfigurationList section */
	};
	rootObject = 052F833925AA493D008C2834 /* Project object */;
}
