// !$*UTF8*$!
{
	archiveVersion = 1;
	classes = {
	};
	objectVersion = 50;
	objects = {

/* Begin PBXBuildFile section */
		051ECBFF25C4DFF000C4744F /* AppDelegate.swift in Sources */ = {isa = PBXBuildFile; fileRef = 051ECBFE25C4DFF000C4744F /* AppDelegate.swift */; };
		051ECC0125C4DFF000C4744F /* SceneDelegate.swift in Sources */ = {isa = PBXBuildFile; fileRef = 051ECC0025C4DFF000C4744F /* SceneDelegate.swift */; };
		051ECC0325C4DFF000C4744F /* ViewController.swift in Sources */ = {isa = PBXBuildFile; fileRef = 051ECC0225C4DFF000C4744F /* ViewController.swift */; };
		051ECC0625C4DFF000C4744F /* Main.storyboard in Resources */ = {isa = PBXBuildFile; fileRef = 051ECC0425C4DFF000C4744F /* Main.storyboard */; };
		051ECC0825C4DFF500C4744F /* Assets.xcassets in Resources */ = {isa = PBXBuildFile; fileRef = 051ECC0725C4DFF500C4744F /* Assets.xcassets */; };
		051ECC0B25C4DFF500C4744F /* LaunchScreen.storyboard in Resources */ = {isa = PBXBuildFile; fileRef = 051ECC0925C4DFF500C4744F /* LaunchScreen.storyboard */; };
		051ECC1825C4E2C700C4744F /* FancyButton.swift in Sources */ = {isa = PBXBuildFile; fileRef = 051ECC1725C4E2C700C4744F /* FancyButton.swift */; };
/* End PBXBuildFile section */

/* Begin PBXFileReference section */
		051ECBFB25C4DFF000C4744F /* FancyButton.app */ = {isa = PBXFileReference; explicitFileType = wrapper.application; includeInIndex = 0; path = FancyButton.app; sourceTree = BUILT_PRODUCTS_DIR; };
		051ECBFE25C4DFF000C4744F /* AppDelegate.swift */ = {isa = PBXFileReference; lastKnownFileType = sourcecode.swift; path = AppDelegate.swift; sourceTree = "<group>"; };
		051ECC0025C4DFF000C4744F /* SceneDelegate.swift */ = {isa = PBXFileReference; lastKnownFileType = sourcecode.swift; path = SceneDelegate.swift; sourceTree = "<group>"; };
		051ECC0225C4DFF000C4744F /* ViewController.swift */ = {isa = PBXFileReference; lastKnownFileType = sourcecode.swift; path = ViewController.swift; sourceTree = "<group>"; };
		051ECC0525C4DFF000C4744F /* Base */ = {isa = PBXFileReference; lastKnownFileType = file.storyboard; name = Base; path = Base.lproj/Main.storyboard; sourceTree = "<group>"; };
		051ECC0725C4DFF500C4744F /* Assets.xcassets */ = {isa = PBXFileReference; lastKnownFileType = folder.assetcatalog; path = Assets.xcassets; sourceTree = "<group>"; };
		051ECC0A25C4DFF500C4744F /* Base */ = {isa = PBXFileReference; lastKnownFileType = file.storyboard; name = Base; path = Base.lproj/LaunchScreen.storyboard; sourceTree = "<group>"; };
		051ECC0C25C4DFF500C4744F /* Info.plist */ = {isa = PBXFileReference; lastKnownFileType = text.plist.xml; path = Info.plist; sourceTree = "<group>"; };
		051ECC1725C4E2C700C4744F /* FancyButton.swift */ = {isa = PBXFileReference; lastKnownFileType = sourcecode.swift; path = FancyButton.swift; sourceTree = "<group>"; };
/* End PBXFileReference section */

/* Begin PBXFrameworksBuildPhase section */
		051ECBF825C4DFF000C4744F /* Frameworks */ = {
			isa = PBXFrameworksBuildPhase;
			buildActionMask = 2147483647;
			files = (
			);
			runOnlyForDeploymentPostprocessing = 0;
		};
/* End PBXFrameworksBuildPhase section */

/* Begin PBXGroup section */
		051ECBF225C4DFEF00C4744F = {
			isa = PBXGroup;
			children = (
				051ECBFD25C4DFF000C4744F /* FancyButton */,
				051ECBFC25C4DFF000C4744F /* Products */,
			);
			sourceTree = "<group>";
		};
		051ECBFC25C4DFF000C4744F /* Products */ = {
			isa = PBXGroup;
			children = (
				051ECBFB25C4DFF000C4744F /* FancyButton.app */,
			);
			name = Products;
			sourceTree = "<group>";
		};
		051ECBFD25C4DFF000C4744F /* FancyButton */ = {
			isa = PBXGroup;
			children = (
				051ECC1625C4E27100C4744F /* Model */,
				051ECC1525C4E26900C4744F /* View */,
				051ECC1425C4E25D00C4744F /* Controller */,
				051ECBFE25C4DFF000C4744F /* AppDelegate.swift */,
				051ECC0025C4DFF000C4744F /* SceneDelegate.swift */,
				051ECC0725C4DFF500C4744F /* Assets.xcassets */,
				051ECC0925C4DFF500C4744F /* LaunchScreen.storyboard */,
				051ECC0C25C4DFF500C4744F /* Info.plist */,
			);
			path = FancyButton;
			sourceTree = "<group>";
		};
		051ECC1425C4E25D00C4744F /* Controller */ = {
			isa = PBXGroup;
			children = (
				051ECC0225C4DFF000C4744F /* ViewController.swift */,
				051ECC1725C4E2C700C4744F /* FancyButton.swift */,
			);
			path = Controller;
			sourceTree = "<group>";
		};
		051ECC1525C4E26900C4744F /* View */ = {
			isa = PBXGroup;
			children = (
				051ECC0425C4DFF000C4744F /* Main.storyboard */,
			);
			path = View;
			sourceTree = "<group>";
		};
		051ECC1625C4E27100C4744F /* Model */ = {
			isa = PBXGroup;
			children = (
			);
			path = Model;
			sourceTree = "<group>";
		};
/* End PBXGroup section */

/* Begin PBXNativeTarget section */
		051ECBFA25C4DFF000C4744F /* FancyButton */ = {
			isa = PBXNativeTarget;
			buildConfigurationList = 051ECC0F25C4DFF500C4744F /* Build configuration list for PBXNativeTarget "FancyButton" */;
			buildPhases = (
				051ECBF725C4DFF000C4744F /* Sources */,
				051ECBF825C4DFF000C4744F /* Frameworks */,
				051ECBF925C4DFF000C4744F /* Resources */,
			);
			buildRules = (
			);
			dependencies = (
			);
			name = FancyButton;
			productName = FancyButton;
			productReference = 051ECBFB25C4DFF000C4744F /* FancyButton.app */;
			productType = "com.apple.product-type.application";
		};
/* End PBXNativeTarget section */

/* Begin PBXProject section */
		051ECBF325C4DFEF00C4744F /* Project object */ = {
			isa = PBXProject;
			attributes = {
				LastSwiftUpdateCheck = 1240;
				LastUpgradeCheck = 1240;
				TargetAttributes = {
					051ECBFA25C4DFF000C4744F = {
						CreatedOnToolsVersion = 12.4;
					};
				};
			};
			buildConfigurationList = 051ECBF625C4DFEF00C4744F /* Build configuration list for PBXProject "FancyButton" */;
			compatibilityVersion = "Xcode 9.3";
			developmentRegion = en;
			hasScannedForEncodings = 0;
			knownRegions = (
				en,
				Base,
			);
			mainGroup = 051ECBF225C4DFEF00C4744F;
			productRefGroup = 051ECBFC25C4DFF000C4744F /* Products */;
			projectDirPath = "";
			projectRoot = "";
			targets = (
				051ECBFA25C4DFF000C4744F /* FancyButton */,
			);
		};
/* End PBXProject section */

/* Begin PBXResourcesBuildPhase section */
		051ECBF925C4DFF000C4744F /* Resources */ = {
			isa = PBXResourcesBuildPhase;
			buildActionMask = 2147483647;
			files = (
				051ECC0B25C4DFF500C4744F /* LaunchScreen.storyboard in Resources */,
				051ECC0825C4DFF500C4744F /* Assets.xcassets in Resources */,
				051ECC0625C4DFF000C4744F /* Main.storyboard in Resources */,
			);
			runOnlyForDeploymentPostprocessing = 0;
		};
/* End PBXResourcesBuildPhase section */

/* Begin PBXSourcesBuildPhase section */
		051ECBF725C4DFF000C4744F /* Sources */ = {
			isa = PBXSourcesBuildPhase;
			buildActionMask = 2147483647;
			files = (
				051ECC0325C4DFF000C4744F /* ViewController.swift in Sources */,
				051ECC1825C4E2C700C4744F /* FancyButton.swift in Sources */,
				051ECBFF25C4DFF000C4744F /* AppDelegate.swift in Sources */,
				051ECC0125C4DFF000C4744F /* SceneDelegate.swift in Sources */,
			);
			runOnlyForDeploymentPostprocessing = 0;
		};
/* End PBXSourcesBuildPhase section */

/* Begin PBXVariantGroup section */
		051ECC0425C4DFF000C4744F /* Main.storyboard */ = {
			isa = PBXVariantGroup;
			children = (
				051ECC0525C4DFF000C4744F /* Base */,
			);
			name = Main.storyboard;
			sourceTree = "<group>";
		};
		051ECC0925C4DFF500C4744F /* LaunchScreen.storyboard */ = {
			isa = PBXVariantGroup;
			children = (
				051ECC0A25C4DFF500C4744F /* Base */,
			);
			name = LaunchScreen.storyboard;
			sourceTree = "<group>";
		};
/* End PBXVariantGroup section */

/* Begin XCBuildConfiguration section */
		051ECC0D25C4DFF500C4744F /* Debug */ = {
			isa = XCBuildConfiguration;
			buildSettings = {
				ALWAYS_SEARCH_USER_PATHS = NO;
				CLANG_ANALYZER_NONNULL = YES;
				CLANG_ANALYZER_NUMBER_OBJECT_CONVERSION = YES_AGGRESSIVE;
				CLANG_CXX_LANGUAGE_STANDARD = "gnu++14";
				CLANG_CXX_LIBRARY = "libc++";
				CLANG_ENABLE_MODULES = YES;
				CLANG_ENABLE_OBJC_ARC = YES;
				CLANG_ENABLE_OBJC_WEAK = YES;
				CLANG_WARN_BLOCK_CAPTURE_AUTORELEASING = YES;
				CLANG_WARN_BOOL_CONVERSION = YES;
				CLANG_WARN_COMMA = YES;
				CLANG_WARN_CONSTANT_CONVERSION = YES;
				CLANG_WARN_DEPRECATED_OBJC_IMPLEMENTATIONS = YES;
				CLANG_WARN_DIRECT_OBJC_ISA_USAGE = YES_ERROR;
				CLANG_WARN_DOCUMENTATION_COMMENTS = YES;
				CLANG_WARN_EMPTY_BODY = YES;
				CLANG_WARN_ENUM_CONVERSION = YES;
				CLANG_WARN_INFINITE_RECURSION = YES;
				CLANG_WARN_INT_CONVERSION = YES;
				CLANG_WARN_NON_LITERAL_NULL_CONVERSION = YES;
				CLANG_WARN_OBJC_IMPLICIT_RETAIN_SELF = YES;
				CLANG_WARN_OBJC_LITERAL_CONVERSION = YES;
				CLANG_WARN_OBJC_ROOT_CLASS = YES_ERROR;
				CLANG_WARN_QUOTED_INCLUDE_IN_FRAMEWORK_HEADER = YES;
				CLANG_WARN_RANGE_LOOP_ANALYSIS = YES;
				CLANG_WARN_STRICT_PROTOTYPES = YES;
				CLANG_WARN_SUSPICIOUS_MOVE = YES;
				CLANG_WARN_UNGUARDED_AVAILABILITY = YES_AGGRESSIVE;
				CLANG_WARN_UNREACHABLE_CODE = YES;
				CLANG_WARN__DUPLICATE_METHOD_MATCH = YES;
				COPY_PHASE_STRIP = NO;
				DEBUG_INFORMATION_FORMAT = dwarf;
				ENABLE_STRICT_OBJC_MSGSEND = YES;
				ENABLE_TESTABILITY = YES;
				GCC_C_LANGUAGE_STANDARD = gnu11;
				GCC_DYNAMIC_NO_PIC = NO;
				GCC_NO_COMMON_BLOCKS = YES;
				GCC_OPTIMIZATION_LEVEL = 0;
				GCC_PREPROCESSOR_DEFINITIONS = (
					"DEBUG=1",
					"$(inherited)",
				);
				GCC_WARN_64_TO_32_BIT_CONVERSION = YES;
				GCC_WARN_ABOUT_RETURN_TYPE = YES_ERROR;
				GCC_WARN_UNDECLARED_SELECTOR = YES;
				GCC_WARN_UNINITIALIZED_AUTOS = YES_AGGRESSIVE;
				GCC_WARN_UNUSED_FUNCTION = YES;
				GCC_WARN_UNUSED_VARIABLE = YES;
				IPHONEOS_DEPLOYMENT_TARGET = 14.4;
				MTL_ENABLE_DEBUG_INFO = INCLUDE_SOURCE;
				MTL_FAST_MATH = YES;
				ONLY_ACTIVE_ARCH = YES;
				SDKROOT = iphoneos;
				SWIFT_ACTIVE_COMPILATION_CONDITIONS = DEBUG;
				SWIFT_OPTIMIZATION_LEVEL = "-Onone";
			};
			name = Debug;
		};
		051ECC0E25C4DFF500C4744F /* Release */ = {
			isa = XCBuildConfiguration;
			buildSettings = {
				ALWAYS_SEARCH_USER_PATHS = NO;
				CLANG_ANALYZER_NONNULL = YES;
				CLANG_ANALYZER_NUMBER_OBJECT_CONVERSION = YES_AGGRESSIVE;
				CLANG_CXX_LANGUAGE_STANDARD = "gnu++14";
				CLANG_CXX_LIBRARY = "libc++";
				CLANG_ENABLE_MODULES = YES;
				CLANG_ENABLE_OBJC_ARC = YES;
				CLANG_ENABLE_OBJC_WEAK = YES;
				CLANG_WARN_BLOCK_CAPTURE_AUTORELEASING = YES;
				CLANG_WARN_BOOL_CONVERSION = YES;
				CLANG_WARN_COMMA = YES;
				CLANG_WARN_CONSTANT_CONVERSION = YES;
				CLANG_WARN_DEPRECATED_OBJC_IMPLEMENTATIONS = YES;
				CLANG_WARN_DIRECT_OBJC_ISA_USAGE = YES_ERROR;
				CLANG_WARN_DOCUMENTATION_COMMENTS = YES;
				CLANG_WARN_EMPTY_BODY = YES;
				CLANG_WARN_ENUM_CONVERSION = YES;
				CLANG_WARN_INFINITE_RECURSION = YES;
				CLANG_WARN_INT_CONVERSION = YES;
				CLANG_WARN_NON_LITERAL_NULL_CONVERSION = YES;
				CLANG_WARN_OBJC_IMPLICIT_RETAIN_SELF = YES;
				CLANG_WARN_OBJC_LITERAL_CONVERSION = YES;
				CLANG_WARN_OBJC_ROOT_CLASS = YES_ERROR;
				CLANG_WARN_QUOTED_INCLUDE_IN_FRAMEWORK_HEADER = YES;
				CLANG_WARN_RANGE_LOOP_ANALYSIS = YES;
				CLANG_WARN_STRICT_PROTOTYPES = YES;
				CLANG_WARN_SUSPICIOUS_MOVE = YES;
				CLANG_WARN_UNGUARDED_AVAILABILITY = YES_AGGRESSIVE;
				CLANG_WARN_UNREACHABLE_CODE = YES;
				CLANG_WARN__DUPLICATE_METHOD_MATCH = YES;
				COPY_PHASE_STRIP = NO;
				DEBUG_INFORMATION_FORMAT = "dwarf-with-dsym";
				ENABLE_NS_ASSERTIONS = NO;
				ENABLE_STRICT_OBJC_MSGSEND = YES;
				GCC_C_LANGUAGE_STANDARD = gnu11;
				GCC_NO_COMMON_BLOCKS = YES;
				GCC_WARN_64_TO_32_BIT_CONVERSION = YES;
				GCC_WARN_ABOUT_RETURN_TYPE = YES_ERROR;
				GCC_WARN_UNDECLARED_SELECTOR = YES;
				GCC_WARN_UNINITIALIZED_AUTOS = YES_AGGRESSIVE;
				GCC_WARN_UNUSED_FUNCTION = YES;
				GCC_WARN_UNUSED_VARIABLE = YES;
				IPHONEOS_DEPLOYMENT_TARGET = 14.4;
				MTL_ENABLE_DEBUG_INFO = NO;
				MTL_FAST_MATH = YES;
				SDKROOT = iphoneos;
				SWIFT_COMPILATION_MODE = wholemodule;
				SWIFT_OPTIMIZATION_LEVEL = "-O";
				VALIDATE_PRODUCT = YES;
			};
			name = Release;
		};
		051ECC1025C4DFF500C4744F /* Debug */ = {
			isa = XCBuildConfiguration;
			buildSettings = {
				ASSETCATALOG_COMPILER_APPICON_NAME = AppIcon;
				ASSETCATALOG_COMPILER_GLOBAL_ACCENT_COLOR_NAME = AccentColor;
				CODE_SIGN_STYLE = Automatic;
				DEVELOPMENT_TEAM = YFZRHBBC6Y;
				INFOPLIST_FILE = FancyButton/Info.plist;
				LD_RUNPATH_SEARCH_PATHS = (
					"$(inherited)",
					"@executable_path/Frameworks",
				);
				PRODUCT_BUNDLE_IDENTIFIER = hse.nadialaban.FancyButton;
				PRODUCT_NAME = "$(TARGET_NAME)";
				SWIFT_VERSION = 5.0;
				TARGETED_DEVICE_FAMILY = "1,2";
			};
			name = Debug;
		};
		051ECC1125C4DFF500C4744F /* Release */ = {
			isa = XCBuildConfiguration;
			buildSettings = {
				ASSETCATALOG_COMPILER_APPICON_NAME = AppIcon;
				ASSETCATALOG_COMPILER_GLOBAL_ACCENT_COLOR_NAME = AccentColor;
				CODE_SIGN_STYLE = Automatic;
				DEVELOPMENT_TEAM = YFZRHBBC6Y;
				INFOPLIST_FILE = FancyButton/Info.plist;
				LD_RUNPATH_SEARCH_PATHS = (
					"$(inherited)",
					"@executable_path/Frameworks",
				);
				PRODUCT_BUNDLE_IDENTIFIER = hse.nadialaban.FancyButton;
				PRODUCT_NAME = "$(TARGET_NAME)";
				SWIFT_VERSION = 5.0;
				TARGETED_DEVICE_FAMILY = "1,2";
			};
			name = Release;
		};
/* End XCBuildConfiguration section */

/* Begin XCConfigurationList section */
		051ECBF625C4DFEF00C4744F /* Build configuration list for PBXProject "FancyButton" */ = {
			isa = XCConfigurationList;
			buildConfigurations = (
				051ECC0D25C4DFF500C4744F /* Debug */,
				051ECC0E25C4DFF500C4744F /* Release */,
			);
			defaultConfigurationIsVisible = 0;
			defaultConfigurationName = Release;
		};
		051ECC0F25C4DFF500C4744F /* Build configuration list for PBXNativeTarget "FancyButton" */ = {
			isa = XCConfigurationList;
			buildConfigurations = (
				051ECC1025C4DFF500C4744F /* Debug */,
				051ECC1125C4DFF500C4744F /* Release */,
			);
			defaultConfigurationIsVisible = 0;
			defaultConfigurationName = Release;
		};
/* End XCConfigurationList section */
	};
	rootObject = 051ECBF325C4DFEF00C4744F /* Project object */;
}
