// !$*UTF8*$!
{
	archiveVersion = 1;
	classes = {
	};
	objectVersion = 50;
	objects = {

/* Begin PBXBuildFile section */
		052F83FE25B2F3F7008C2834 /* AppDelegate.swift in Sources */ = {isa = PBXBuildFile; fileRef = 052F83FD25B2F3F7008C2834 /* AppDelegate.swift */; };
		052F840025B2F3F7008C2834 /* SceneDelegate.swift in Sources */ = {isa = PBXBuildFile; fileRef = 052F83FF25B2F3F7008C2834 /* SceneDelegate.swift */; };
		052F840525B2F3F7008C2834 /* Main.storyboard in Resources */ = {isa = PBXBuildFile; fileRef = 052F840325B2F3F7008C2834 /* Main.storyboard */; };
		052F840725B2F400008C2834 /* Assets.xcassets in Resources */ = {isa = PBXBuildFile; fileRef = 052F840625B2F400008C2834 /* Assets.xcassets */; };
		052F840A25B2F400008C2834 /* LaunchScreen.storyboard in Resources */ = {isa = PBXBuildFile; fileRef = 052F840825B2F400008C2834 /* LaunchScreen.storyboard */; };
		052F841825B33BD8008C2834 /* TweetViewController.swift in Sources */ = {isa = PBXBuildFile; fileRef = 052F841725B33BD8008C2834 /* TweetViewController.swift */; };
		052F841B25B33C2C008C2834 /* ComposeViewController.swift in Sources */ = {isa = PBXBuildFile; fileRef = 052F841A25B33C2C008C2834 /* ComposeViewController.swift */; };
		052F842125B35FF9008C2834 /* AccountsViewController.swift in Sources */ = {isa = PBXBuildFile; fileRef = 052F842025B35FF8008C2834 /* AccountsViewController.swift */; };
		052F842925B3613D008C2834 /* FeedViewController.swift in Sources */ = {isa = PBXBuildFile; fileRef = 052F842825B3613D008C2834 /* FeedViewController.swift */; };
/* End PBXBuildFile section */

/* Begin PBXFileReference section */
		052F83FA25B2F3F7008C2834 /* SocialApp.app */ = {isa = PBXFileReference; explicitFileType = wrapper.application; includeInIndex = 0; path = SocialApp.app; sourceTree = BUILT_PRODUCTS_DIR; };
		052F83FD25B2F3F7008C2834 /* AppDelegate.swift */ = {isa = PBXFileReference; lastKnownFileType = sourcecode.swift; path = AppDelegate.swift; sourceTree = "<group>"; };
		052F83FF25B2F3F7008C2834 /* SceneDelegate.swift */ = {isa = PBXFileReference; lastKnownFileType = sourcecode.swift; path = SceneDelegate.swift; sourceTree = "<group>"; };
		052F840425B2F3F7008C2834 /* Base */ = {isa = PBXFileReference; lastKnownFileType = file.storyboard; name = Base; path = Base.lproj/Main.storyboard; sourceTree = "<group>"; };
		052F840625B2F400008C2834 /* Assets.xcassets */ = {isa = PBXFileReference; lastKnownFileType = folder.assetcatalog; path = Assets.xcassets; sourceTree = "<group>"; };
		052F840925B2F400008C2834 /* Base */ = {isa = PBXFileReference; lastKnownFileType = file.storyboard; name = Base; path = Base.lproj/LaunchScreen.storyboard; sourceTree = "<group>"; };
		052F840B25B2F400008C2834 /* Info.plist */ = {isa = PBXFileReference; lastKnownFileType = text.plist.xml; path = Info.plist; sourceTree = "<group>"; };
		052F841725B33BD8008C2834 /* TweetViewController.swift */ = {isa = PBXFileReference; lastKnownFileType = sourcecode.swift; path = TweetViewController.swift; sourceTree = "<group>"; };
		052F841A25B33C2C008C2834 /* ComposeViewController.swift */ = {isa = PBXFileReference; lastKnownFileType = sourcecode.swift; path = ComposeViewController.swift; sourceTree = "<group>"; };
		052F842025B35FF8008C2834 /* AccountsViewController.swift */ = {isa = PBXFileReference; lastKnownFileType = sourcecode.swift; path = AccountsViewController.swift; sourceTree = "<group>"; };
		052F842825B3613D008C2834 /* FeedViewController.swift */ = {isa = PBXFileReference; lastKnownFileType = sourcecode.swift; path = FeedViewController.swift; sourceTree = "<group>"; };
/* End PBXFileReference section */

/* Begin PBXFrameworksBuildPhase section */
		052F83F725B2F3F7008C2834 /* Frameworks */ = {
			isa = PBXFrameworksBuildPhase;
			buildActionMask = 2147483647;
			files = (
			);
			runOnlyForDeploymentPostprocessing = 0;
		};
/* End PBXFrameworksBuildPhase section */

/* Begin PBXGroup section */
		052F83F125B2F3F6008C2834 = {
			isa = PBXGroup;
			children = (
				052F83FC25B2F3F7008C2834 /* SocialApp */,
				052F83FB25B2F3F7008C2834 /* Products */,
			);
			sourceTree = "<group>";
		};
		052F83FB25B2F3F7008C2834 /* Products */ = {
			isa = PBXGroup;
			children = (
				052F83FA25B2F3F7008C2834 /* SocialApp.app */,
			);
			name = Products;
			sourceTree = "<group>";
		};
		052F83FC25B2F3F7008C2834 /* SocialApp */ = {
			isa = PBXGroup;
			children = (
				052F841625B33B4E008C2834 /* Controllers */,
				052F841525B33B46008C2834 /* View */,
				052F841425B33B35008C2834 /* Model */,
				052F83FD25B2F3F7008C2834 /* AppDelegate.swift */,
				052F83FF25B2F3F7008C2834 /* SceneDelegate.swift */,
				052F840625B2F400008C2834 /* Assets.xcassets */,
				052F840825B2F400008C2834 /* LaunchScreen.storyboard */,
				052F840B25B2F400008C2834 /* Info.plist */,
			);
			path = SocialApp;
			sourceTree = "<group>";
		};
		052F841425B33B35008C2834 /* Model */ = {
			isa = PBXGroup;
			children = (
			);
			path = Model;
			sourceTree = "<group>";
		};
		052F841525B33B46008C2834 /* View */ = {
			isa = PBXGroup;
			children = (
				052F840325B2F3F7008C2834 /* Main.storyboard */,
			);
			path = View;
			sourceTree = "<group>";
		};
		052F841625B33B4E008C2834 /* Controllers */ = {
			isa = PBXGroup;
			children = (
				052F841725B33BD8008C2834 /* TweetViewController.swift */,
				052F841A25B33C2C008C2834 /* ComposeViewController.swift */,
				052F842025B35FF8008C2834 /* AccountsViewController.swift */,
				052F842825B3613D008C2834 /* FeedViewController.swift */,
			);
			path = Controllers;
			sourceTree = "<group>";
		};
/* End PBXGroup section */

/* Begin PBXNativeTarget section */
		052F83F925B2F3F7008C2834 /* SocialApp */ = {
			isa = PBXNativeTarget;
			buildConfigurationList = 052F840E25B2F400008C2834 /* Build configuration list for PBXNativeTarget "SocialApp" */;
			buildPhases = (
				052F83F625B2F3F7008C2834 /* Sources */,
				052F83F725B2F3F7008C2834 /* Frameworks */,
				052F83F825B2F3F7008C2834 /* Resources */,
			);
			buildRules = (
			);
			dependencies = (
			);
			name = SocialApp;
			productName = SocialApp;
			productReference = 052F83FA25B2F3F7008C2834 /* SocialApp.app */;
			productType = "com.apple.product-type.application";
		};
/* End PBXNativeTarget section */

/* Begin PBXProject section */
		052F83F225B2F3F6008C2834 /* Project object */ = {
			isa = PBXProject;
			attributes = {
				LastSwiftUpdateCheck = 1230;
				LastUpgradeCheck = 1230;
				TargetAttributes = {
					052F83F925B2F3F7008C2834 = {
						CreatedOnToolsVersion = 12.3;
					};
				};
			};
			buildConfigurationList = 052F83F525B2F3F6008C2834 /* Build configuration list for PBXProject "SocialApp" */;
			compatibilityVersion = "Xcode 9.3";
			developmentRegion = en;
			hasScannedForEncodings = 0;
			knownRegions = (
				en,
				Base,
			);
			mainGroup = 052F83F125B2F3F6008C2834;
			productRefGroup = 052F83FB25B2F3F7008C2834 /* Products */;
			projectDirPath = "";
			projectRoot = "";
			targets = (
				052F83F925B2F3F7008C2834 /* SocialApp */,
			);
		};
/* End PBXProject section */

/* Begin PBXResourcesBuildPhase section */
		052F83F825B2F3F7008C2834 /* Resources */ = {
			isa = PBXResourcesBuildPhase;
			buildActionMask = 2147483647;
			files = (
				052F840A25B2F400008C2834 /* LaunchScreen.storyboard in Resources */,
				052F840725B2F400008C2834 /* Assets.xcassets in Resources */,
				052F840525B2F3F7008C2834 /* Main.storyboard in Resources */,
			);
			runOnlyForDeploymentPostprocessing = 0;
		};
/* End PBXResourcesBuildPhase section */

/* Begin PBXSourcesBuildPhase section */
		052F83F625B2F3F7008C2834 /* Sources */ = {
			isa = PBXSourcesBuildPhase;
			buildActionMask = 2147483647;
			files = (
				052F83FE25B2F3F7008C2834 /* AppDelegate.swift in Sources */,
				052F840025B2F3F7008C2834 /* SceneDelegate.swift in Sources */,
				052F842125B35FF9008C2834 /* AccountsViewController.swift in Sources */,
				052F841825B33BD8008C2834 /* TweetViewController.swift in Sources */,
				052F842925B3613D008C2834 /* FeedViewController.swift in Sources */,
				052F841B25B33C2C008C2834 /* ComposeViewController.swift in Sources */,
			);
			runOnlyForDeploymentPostprocessing = 0;
		};
/* End PBXSourcesBuildPhase section */

/* Begin PBXVariantGroup section */
		052F840325B2F3F7008C2834 /* Main.storyboard */ = {
			isa = PBXVariantGroup;
			children = (
				052F840425B2F3F7008C2834 /* Base */,
			);
			name = Main.storyboard;
			sourceTree = "<group>";
		};
		052F840825B2F400008C2834 /* LaunchScreen.storyboard */ = {
			isa = PBXVariantGroup;
			children = (
				052F840925B2F400008C2834 /* Base */,
			);
			name = LaunchScreen.storyboard;
			sourceTree = "<group>";
		};
/* End PBXVariantGroup section */

/* Begin XCBuildConfiguration section */
		052F840C25B2F400008C2834 /* Debug */ = {
			isa = XCBuildConfiguration;
			buildSettings = {
				ALWAYS_SEARCH_USER_PATHS = NO;
				CLANG_ANALYZER_NONNULL = YES;
				CLANG_ANALYZER_NUMBER_OBJECT_CONVERSION = YES_AGGRESSIVE;
				CLANG_CXX_LANGUAGE_STANDARD = "gnu++14";
				CLANG_CXX_LIBRARY = "libc++";
				CLANG_ENABLE_MODULES = YES;
				CLANG_ENABLE_OBJC_ARC = YES;
				CLANG_ENABLE_OBJC_WEAK = YES;
				CLANG_WARN_BLOCK_CAPTURE_AUTORELEASING = YES;
				CLANG_WARN_BOOL_CONVERSION = YES;
				CLANG_WARN_COMMA = YES;
				CLANG_WARN_CONSTANT_CONVERSION = YES;
				CLANG_WARN_DEPRECATED_OBJC_IMPLEMENTATIONS = YES;
				CLANG_WARN_DIRECT_OBJC_ISA_USAGE = YES_ERROR;
				CLANG_WARN_DOCUMENTATION_COMMENTS = YES;
				CLANG_WARN_EMPTY_BODY = YES;
				CLANG_WARN_ENUM_CONVERSION = YES;
				CLANG_WARN_INFINITE_RECURSION = YES;
				CLANG_WARN_INT_CONVERSION = YES;
				CLANG_WARN_NON_LITERAL_NULL_CONVERSION = YES;
				CLANG_WARN_OBJC_IMPLICIT_RETAIN_SELF = YES;
				CLANG_WARN_OBJC_LITERAL_CONVERSION = YES;
				CLANG_WARN_OBJC_ROOT_CLASS = YES_ERROR;
				CLANG_WARN_QUOTED_INCLUDE_IN_FRAMEWORK_HEADER = YES;
				CLANG_WARN_RANGE_LOOP_ANALYSIS = YES;
				CLANG_WARN_STRICT_PROTOTYPES = YES;
				CLANG_WARN_SUSPICIOUS_MOVE = YES;
				CLANG_WARN_UNGUARDED_AVAILABILITY = YES_AGGRESSIVE;
				CLANG_WARN_UNREACHABLE_CODE = YES;
				CLANG_WARN__DUPLICATE_METHOD_MATCH = YES;
				COPY_PHASE_STRIP = NO;
				DEBUG_INFORMATION_FORMAT = dwarf;
				ENABLE_STRICT_OBJC_MSGSEND = YES;
				ENABLE_TESTABILITY = YES;
				GCC_C_LANGUAGE_STANDARD = gnu11;
				GCC_DYNAMIC_NO_PIC = NO;
				GCC_NO_COMMON_BLOCKS = YES;
				GCC_OPTIMIZATION_LEVEL = 0;
				GCC_PREPROCESSOR_DEFINITIONS = (
					"DEBUG=1",
					"$(inherited)",
				);
				GCC_WARN_64_TO_32_BIT_CONVERSION = YES;
				GCC_WARN_ABOUT_RETURN_TYPE = YES_ERROR;
				GCC_WARN_UNDECLARED_SELECTOR = YES;
				GCC_WARN_UNINITIALIZED_AUTOS = YES_AGGRESSIVE;
				GCC_WARN_UNUSED_FUNCTION = YES;
				GCC_WARN_UNUSED_VARIABLE = YES;
				IPHONEOS_DEPLOYMENT_TARGET = 14.3;
				MTL_ENABLE_DEBUG_INFO = INCLUDE_SOURCE;
				MTL_FAST_MATH = YES;
				ONLY_ACTIVE_ARCH = YES;
				SDKROOT = iphoneos;
				SWIFT_ACTIVE_COMPILATION_CONDITIONS = DEBUG;
				SWIFT_OPTIMIZATION_LEVEL = "-Onone";
			};
			name = Debug;
		};
		052F840D25B2F400008C2834 /* Release */ = {
			isa = XCBuildConfiguration;
			buildSettings = {
				ALWAYS_SEARCH_USER_PATHS = NO;
				CLANG_ANALYZER_NONNULL = YES;
				CLANG_ANALYZER_NUMBER_OBJECT_CONVERSION = YES_AGGRESSIVE;
				CLANG_CXX_LANGUAGE_STANDARD = "gnu++14";
				CLANG_CXX_LIBRARY = "libc++";
				CLANG_ENABLE_MODULES = YES;
				CLANG_ENABLE_OBJC_ARC = YES;
				CLANG_ENABLE_OBJC_WEAK = YES;
				CLANG_WARN_BLOCK_CAPTURE_AUTORELEASING = YES;
				CLANG_WARN_BOOL_CONVERSION = YES;
				CLANG_WARN_COMMA = YES;
				CLANG_WARN_CONSTANT_CONVERSION = YES;
				CLANG_WARN_DEPRECATED_OBJC_IMPLEMENTATIONS = YES;
				CLANG_WARN_DIRECT_OBJC_ISA_USAGE = YES_ERROR;
				CLANG_WARN_DOCUMENTATION_COMMENTS = YES;
				CLANG_WARN_EMPTY_BODY = YES;
				CLANG_WARN_ENUM_CONVERSION = YES;
				CLANG_WARN_INFINITE_RECURSION = YES;
				CLANG_WARN_INT_CONVERSION = YES;
				CLANG_WARN_NON_LITERAL_NULL_CONVERSION = YES;
				CLANG_WARN_OBJC_IMPLICIT_RETAIN_SELF = YES;
				CLANG_WARN_OBJC_LITERAL_CONVERSION = YES;
				CLANG_WARN_OBJC_ROOT_CLASS = YES_ERROR;
				CLANG_WARN_QUOTED_INCLUDE_IN_FRAMEWORK_HEADER = YES;
				CLANG_WARN_RANGE_LOOP_ANALYSIS = YES;
				CLANG_WARN_STRICT_PROTOTYPES = YES;
				CLANG_WARN_SUSPICIOUS_MOVE = YES;
				CLANG_WARN_UNGUARDED_AVAILABILITY = YES_AGGRESSIVE;
				CLANG_WARN_UNREACHABLE_CODE = YES;
				CLANG_WARN__DUPLICATE_METHOD_MATCH = YES;
				COPY_PHASE_STRIP = NO;
				DEBUG_INFORMATION_FORMAT = "dwarf-with-dsym";
				ENABLE_NS_ASSERTIONS = NO;
				ENABLE_STRICT_OBJC_MSGSEND = YES;
				GCC_C_LANGUAGE_STANDARD = gnu11;
				GCC_NO_COMMON_BLOCKS = YES;
				GCC_WARN_64_TO_32_BIT_CONVERSION = YES;
				GCC_WARN_ABOUT_RETURN_TYPE = YES_ERROR;
				GCC_WARN_UNDECLARED_SELECTOR = YES;
				GCC_WARN_UNINITIALIZED_AUTOS = YES_AGGRESSIVE;
				GCC_WARN_UNUSED_FUNCTION = YES;
				GCC_WARN_UNUSED_VARIABLE = YES;
				IPHONEOS_DEPLOYMENT_TARGET = 14.3;
				MTL_ENABLE_DEBUG_INFO = NO;
				MTL_FAST_MATH = YES;
				SDKROOT = iphoneos;
				SWIFT_COMPILATION_MODE = wholemodule;
				SWIFT_OPTIMIZATION_LEVEL = "-O";
				VALIDATE_PRODUCT = YES;
			};
			name = Release;
		};
		052F840F25B2F400008C2834 /* Debug */ = {
			isa = XCBuildConfiguration;
			buildSettings = {
				ASSETCATALOG_COMPILER_APPICON_NAME = AppIcon;
				ASSETCATALOG_COMPILER_GLOBAL_ACCENT_COLOR_NAME = AccentColor;
				CODE_SIGN_STYLE = Automatic;
				DEVELOPMENT_TEAM = YFZRHBBC6Y;
				INFOPLIST_FILE = SocialApp/Info.plist;
				LD_RUNPATH_SEARCH_PATHS = (
					"$(inherited)",
					"@executable_path/Frameworks",
				);
				PRODUCT_BUNDLE_IDENTIFIER = hse.nadialaban.SocialApp;
				PRODUCT_NAME = "$(TARGET_NAME)";
				SWIFT_VERSION = 5.0;
				TARGETED_DEVICE_FAMILY = 2;
			};
			name = Debug;
		};
		052F841025B2F400008C2834 /* Release */ = {
			isa = XCBuildConfiguration;
			buildSettings = {
				ASSETCATALOG_COMPILER_APPICON_NAME = AppIcon;
				ASSETCATALOG_COMPILER_GLOBAL_ACCENT_COLOR_NAME = AccentColor;
				CODE_SIGN_STYLE = Automatic;
				DEVELOPMENT_TEAM = YFZRHBBC6Y;
				INFOPLIST_FILE = SocialApp/Info.plist;
				LD_RUNPATH_SEARCH_PATHS = (
					"$(inherited)",
					"@executable_path/Frameworks",
				);
				PRODUCT_BUNDLE_IDENTIFIER = hse.nadialaban.SocialApp;
				PRODUCT_NAME = "$(TARGET_NAME)";
				SWIFT_VERSION = 5.0;
				TARGETED_DEVICE_FAMILY = 2;
			};
			name = Release;
		};
/* End XCBuildConfiguration section */

/* Begin XCConfigurationList section */
		052F83F525B2F3F6008C2834 /* Build configuration list for PBXProject "SocialApp" */ = {
			isa = XCConfigurationList;
			buildConfigurations = (
				052F840C25B2F400008C2834 /* Debug */,
				052F840D25B2F400008C2834 /* Release */,
			);
			defaultConfigurationIsVisible = 0;
			defaultConfigurationName = Release;
		};
		052F840E25B2F400008C2834 /* Build configuration list for PBXNativeTarget "SocialApp" */ = {
			isa = XCConfigurationList;
			buildConfigurations = (
				052F840F25B2F400008C2834 /* Debug */,
				052F841025B2F400008C2834 /* Release */,
			);
			defaultConfigurationIsVisible = 0;
			defaultConfigurationName = Release;
		};
/* End XCConfigurationList section */
	};
	rootObject = 052F83F225B2F3F6008C2834 /* Project object */;
}
